
Microsoft Visual Studio Solution File, Format Version 12.00
# Visual Studio Version 17
VisualStudioVersion = 17.13.35806.99 d17.13
MinimumVisualStudioVersion = 10.0.40219.1
Project("{FAE04EC0-301F-11D3-BF4B-00C04F79EFBC}") = "Ticket.API", "Ticket.API\Ticket.API.csproj", "{976635E9-3160-41E7-9B78-708216620903}"
EndProject
Project("{FAE04EC0-301F-11D3-BF4B-00C04F79EFBC}") = "Ticket.Models", "Ticket.Models\Ticket.Models.csproj", "{BBB12F4F-9FEA-424F-A73C-36924A44B2B2}"
EndProject
Project("{FAE04EC0-301F-11D3-BF4B-00C04F79EFBC}") = "Ticket.Repositories", "Ticket.Repositories\Ticket.Repositories.csproj", "{57239839-9EB4-42F2-9F8E-39D8437E572F}"
EndProject
Project("{FAE04EC0-301F-11D3-BF4B-00C04F79EFBC}") = "Ticket.Services", "ticket.Services\Ticket.Services.csproj", "{B32F6D40-7831-49A3-87C8-A8FA55F9AE62}"
EndProject
Global
	GlobalSection(SolutionConfigurationPlatforms) = preSolution
		Debug|Any CPU = Debug|Any CPU
		Release|Any CPU = Release|Any CPU
	EndGlobalSection
	GlobalSection(ProjectConfigurationPlatforms) = postSolution
		{976635E9-3160-41E7-9B78-708216620903}.Debug|Any CPU.ActiveCfg = Debug|Any CPU
		{976635E9-3160-41E7-9B78-708216620903}.Debug|Any CPU.Build.0 = Debug|Any CPU
		{976635E9-3160-41E7-9B78-708216620903}.Release|Any CPU.ActiveCfg = Release|Any CPU
		{976635E9-3160-41E7-9B78-708216620903}.Release|Any CPU.Build.0 = Release|Any CPU
		{BBB12F4F-9FEA-424F-A73C-36924A44B2B2}.Debug|Any CPU.ActiveCfg = Debug|Any CPU
		{BBB12F4F-9FEA-424F-A73C-36924A44B2B2}.Debug|Any CPU.Build.0 = Debug|Any CPU
		{BBB12F4F-9FEA-424F-A73C-36924A44B2B2}.Release|Any CPU.ActiveCfg = Release|Any CPU
		{BBB12F4F-9FEA-424F-A73C-36924A44B2B2}.Release|Any CPU.Build.0 = Release|Any CPU
		{57239839-9EB4-42F2-9F8E-39D8437E572F}.Debug|Any CPU.ActiveCfg = Debug|Any CPU
		{57239839-9EB4-42F2-9F8E-39D8437E572F}.Debug|Any CPU.Build.0 = Debug|Any CPU
		{57239839-9EB4-42F2-9F8E-39D8437E572F}.Release|Any CPU.ActiveCfg = Release|Any CPU
		{57239839-9EB4-42F2-9F8E-39D8437E572F}.Release|Any CPU.Build.0 = Release|Any CPU
		{B32F6D40-7831-49A3-87C8-A8FA55F9AE62}.Debug|Any CPU.ActiveCfg = Debug|Any CPU
		{B32F6D40-7831-49A3-87C8-A8FA55F9AE62}.Debug|Any CPU.Build.0 = Debug|Any CPU
		{B32F6D40-7831-49A3-87C8-A8FA55F9AE62}.Release|Any CPU.ActiveCfg = Release|Any CPU
		{B32F6D40-7831-49A3-87C8-A8FA55F9AE62}.Release|Any CPU.Build.0 = Release|Any CPU
	EndGlobalSection
	GlobalSection(SolutionProperties) = preSolution
		HideSolutionNode = FALSE
	EndGlobalSection
	GlobalSection(ExtensibilityGlobals) = postSolution
		SolutionGuid = {29357ADD-AF47-4C51-A7EC-734C2C042D5A}
	EndGlobalSection
EndGlobal
